
Microsoft Visual Studio Solution File, Format Version 12.00
# Visual Studio Version 17
VisualStudioVersion = 17.13.35913.81 d17.13
MinimumVisualStudioVersion = 10.0.40219.1
Project("{FAE04EC0-301F-11D3-BF4B-00C04F79EFBC}") = "NutriCheck", "NutriCheck\NutriCheck.csproj", "{C3083BA4-85EE-41A5-B827-8A0653927771}"
EndProject
Global
	GlobalSection(SolutionConfigurationPlatforms) = preSolution
		Debug|Any CPU = Debug|Any CPU
		Release|Any CPU = Release|Any CPU
	EndGlobalSection
	GlobalSection(ProjectConfigurationPlatforms) = postSolution
		{C3083BA4-85EE-41A5-B827-8A0653927771}.Debug|Any CPU.ActiveCfg = Debug|Any CPU
		{C3083BA4-85EE-41A5-B827-8A0653927771}.Debug|Any CPU.Build.0 = Debug|Any CPU
		{C3083BA4-85EE-41A5-B827-8A0653927771}.Release|Any CPU.ActiveCfg = Release|Any CPU
		{C3083BA4-85EE-41A5-B827-8A0653927771}.Release|Any CPU.Build.0 = Release|Any CPU
	EndGlobalSection
	GlobalSection(SolutionProperties) = preSolution
		HideSolutionNode = FALSE
	EndGlobalSection
	GlobalSection(ExtensibilityGlobals) = postSolution
		SolutionGuid = {BA3660C5-6CCA-47F9-B3A7-D4276E43069D}
	EndGlobalSection
EndGlobal
